// !$*UTF8*$!
{
	archiveVersion = 1;
	classes = {
	};
	objectVersion = 50;
	objects = {

/* Begin PBXBuildFile section */
		A0C7467125BCDD0B00F16CAB /* ChecklistApp.swift in Sources */ = {isa = PBXBuildFile; fileRef = A0C7467025BCDD0B00F16CAB /* ChecklistApp.swift */; };
		A0C7467325BCDD0B00F16CAB /* ChecklistView.swift in Sources */ = {isa = PBXBuildFile; fileRef = A0C7467225BCDD0B00F16CAB /* ChecklistView.swift */; };
		A0C7467525BCDD0C00F16CAB /* Assets.xcassets in Resources */ = {isa = PBXBuildFile; fileRef = A0C7467425BCDD0C00F16CAB /* Assets.xcassets */; };
		A0C7467825BCDD0C00F16CAB /* Preview Assets.xcassets in Resources */ = {isa = PBXBuildFile; fileRef = A0C7467725BCDD0C00F16CAB /* Preview Assets.xcassets */; };
		A0C7468225BD068500F16CAB /* ChecklistItem.swift in Sources */ = {isa = PBXBuildFile; fileRef = A0C7468125BD068500F16CAB /* ChecklistItem.swift */; };
		A0C7468525BD072700F16CAB /* Checklist.swift in Sources */ = {isa = PBXBuildFile; fileRef = A0C7468425BD072700F16CAB /* Checklist.swift */; };
		A0C7468825BD116A00F16CAB /* EditChecklistItemView.swift in Sources */ = {isa = PBXBuildFile; fileRef = A0C7468725BD116A00F16CAB /* EditChecklistItemView.swift */; };
		A0C7468B25BD1C4400F16CAB /* NewChecklistItemView.swift in Sources */ = {isa = PBXBuildFile; fileRef = A0C7468A25BD1C4400F16CAB /* NewChecklistItemView.swift */; };
		A0C7468E25BD310B00F16CAB /* RowView.swift in Sources */ = {isa = PBXBuildFile; fileRef = A0C7468D25BD310B00F16CAB /* RowView.swift */; };
/* End PBXBuildFile section */

/* Begin PBXFileReference section */
		A0C7466D25BCDD0B00F16CAB /* Checklist.app */ = {isa = PBXFileReference; explicitFileType = wrapper.application; includeInIndex = 0; path = Checklist.app; sourceTree = BUILT_PRODUCTS_DIR; };
		A0C7467025BCDD0B00F16CAB /* ChecklistApp.swift */ = {isa = PBXFileReference; lastKnownFileType = sourcecode.swift; path = ChecklistApp.swift; sourceTree = "<group>"; };
		A0C7467225BCDD0B00F16CAB /* ChecklistView.swift */ = {isa = PBXFileReference; lastKnownFileType = sourcecode.swift; path = ChecklistView.swift; sourceTree = "<group>"; };
		A0C7467425BCDD0C00F16CAB /* Assets.xcassets */ = {isa = PBXFileReference; lastKnownFileType = folder.assetcatalog; path = Assets.xcassets; sourceTree = "<group>"; };
		A0C7467725BCDD0C00F16CAB /* Preview Assets.xcassets */ = {isa = PBXFileReference; lastKnownFileType = folder.assetcatalog; path = "Preview Assets.xcassets"; sourceTree = "<group>"; };
		A0C7467925BCDD0C00F16CAB /* Info.plist */ = {isa = PBXFileReference; lastKnownFileType = text.plist.xml; path = Info.plist; sourceTree = "<group>"; };
		A0C7468125BD068500F16CAB /* ChecklistItem.swift */ = {isa = PBXFileReference; lastKnownFileType = sourcecode.swift; path = ChecklistItem.swift; sourceTree = "<group>"; };
		A0C7468425BD072700F16CAB /* Checklist.swift */ = {isa = PBXFileReference; lastKnownFileType = sourcecode.swift; path = Checklist.swift; sourceTree = "<group>"; };
		A0C7468725BD116A00F16CAB /* EditChecklistItemView.swift */ = {isa = PBXFileReference; lastKnownFileType = sourcecode.swift; path = EditChecklistItemView.swift; sourceTree = "<group>"; };
		A0C7468A25BD1C4400F16CAB /* NewChecklistItemView.swift */ = {isa = PBXFileReference; lastKnownFileType = sourcecode.swift; path = NewChecklistItemView.swift; sourceTree = "<group>"; };
		A0C7468D25BD310B00F16CAB /* RowView.swift */ = {isa = PBXFileReference; lastKnownFileType = sourcecode.swift; path = RowView.swift; sourceTree = "<group>"; };
/* End PBXFileReference section */

/* Begin PBXFrameworksBuildPhase section */
		A0C7466A25BCDD0B00F16CAB /* Frameworks */ = {
			isa = PBXFrameworksBuildPhase;
			buildActionMask = 2147483647;
			files = (
			);
			runOnlyForDeploymentPostprocessing = 0;
		};
/* End PBXFrameworksBuildPhase section */

/* Begin PBXGroup section */
		A0C7466425BCDD0B00F16CAB = {
			isa = PBXGroup;
			children = (
				A0C7466F25BCDD0B00F16CAB /* Checklist */,
				A0C7466E25BCDD0B00F16CAB /* Products */,
			);
			sourceTree = "<group>";
		};
		A0C7466E25BCDD0B00F16CAB /* Products */ = {
			isa = PBXGroup;
			children = (
				A0C7466D25BCDD0B00F16CAB /* Checklist.app */,
			);
			name = Products;
			sourceTree = "<group>";
		};
		A0C7466F25BCDD0B00F16CAB /* Checklist */ = {
			isa = PBXGroup;
			children = (
				A0C7467025BCDD0B00F16CAB /* ChecklistApp.swift */,
				A0C7467225BCDD0B00F16CAB /* ChecklistView.swift */,
				A0C7467425BCDD0C00F16CAB /* Assets.xcassets */,
				A0C7467925BCDD0C00F16CAB /* Info.plist */,
				A0C7467625BCDD0C00F16CAB /* Preview Content */,
				A0C7468125BD068500F16CAB /* ChecklistItem.swift */,
				A0C7468425BD072700F16CAB /* Checklist.swift */,
				A0C7468725BD116A00F16CAB /* EditChecklistItemView.swift */,
				A0C7468A25BD1C4400F16CAB /* NewChecklistItemView.swift */,
				A0C7468D25BD310B00F16CAB /* RowView.swift */,
			);
			path = Checklist;
			sourceTree = "<group>";
		};
		A0C7467625BCDD0C00F16CAB /* Preview Content */ = {
			isa = PBXGroup;
			children = (
				A0C7467725BCDD0C00F16CAB /* Preview Assets.xcassets */,
			);
			path = "Preview Content";
			sourceTree = "<group>";
		};
/* End PBXGroup section */

/* Begin PBXNativeTarget section */
		A0C7466C25BCDD0B00F16CAB /* Checklist */ = {
			isa = PBXNativeTarget;
			buildConfigurationList = A0C7467C25BCDD0C00F16CAB /* Build configuration list for PBXNativeTarget "Checklist" */;
			buildPhases = (
				A0C7466925BCDD0B00F16CAB /* Sources */,
				A0C7466A25BCDD0B00F16CAB /* Frameworks */,
				A0C7466B25BCDD0B00F16CAB /* Resources */,
			);
			buildRules = (
			);
			dependencies = (
			);
			name = Checklist;
			productName = Checklist;
			productReference = A0C7466D25BCDD0B00F16CAB /* Checklist.app */;
			productType = "com.apple.product-type.application";
		};
/* End PBXNativeTarget section */

/* Begin PBXProject section */
		A0C7466525BCDD0B00F16CAB /* Project object */ = {
			isa = PBXProject;
			attributes = {
				LastSwiftUpdateCheck = 1230;
				LastUpgradeCheck = 1230;
				TargetAttributes = {
					A0C7466C25BCDD0B00F16CAB = {
						CreatedOnToolsVersion = 12.3;
					};
				};
			};
			buildConfigurationList = A0C7466825BCDD0B00F16CAB /* Build configuration list for PBXProject "Checklist" */;
			compatibilityVersion = "Xcode 9.3";
			developmentRegion = en;
			hasScannedForEncodings = 0;
			knownRegions = (
				en,
				Base,
			);
			mainGroup = A0C7466425BCDD0B00F16CAB;
			productRefGroup = A0C7466E25BCDD0B00F16CAB /* Products */;
			projectDirPath = "";
			projectRoot = "";
			targets = (
				A0C7466C25BCDD0B00F16CAB /* Checklist */,
			);
		};
/* End PBXProject section */

/* Begin PBXResourcesBuildPhase section */
		A0C7466B25BCDD0B00F16CAB /* Resources */ = {
			isa = PBXResourcesBuildPhase;
			buildActionMask = 2147483647;
			files = (
				A0C7467825BCDD0C00F16CAB /* Preview Assets.xcassets in Resources */,
				A0C7467525BCDD0C00F16CAB /* Assets.xcassets in Resources */,
			);
			runOnlyForDeploymentPostprocessing = 0;
		};
/* End PBXResourcesBuildPhase section */

/* Begin PBXSourcesBuildPhase section */
		A0C7466925BCDD0B00F16CAB /* Sources */ = {
			isa = PBXSourcesBuildPhase;
			buildActionMask = 2147483647;
			files = (
				A0C7468525BD072700F16CAB /* Checklist.swift in Sources */,
				A0C7468B25BD1C4400F16CAB /* NewChecklistItemView.swift in Sources */,
				A0C7468E25BD310B00F16CAB /* RowView.swift in Sources */,
				A0C7467325BCDD0B00F16CAB /* ChecklistView.swift in Sources */,
				A0C7468225BD068500F16CAB /* ChecklistItem.swift in Sources */,
				A0C7467125BCDD0B00F16CAB /* ChecklistApp.swift in Sources */,
				A0C7468825BD116A00F16CAB /* EditChecklistItemView.swift in Sources */,
			);
			runOnlyForDeploymentPostprocessing = 0;
		};
/* End PBXSourcesBuildPhase section */

/* Begin XCBuildConfiguration section */
		A0C7467A25BCDD0C00F16CAB /* Debug */ = {
			isa = XCBuildConfiguration;
			buildSettings = {
				ALWAYS_SEARCH_USER_PATHS = NO;
				CLANG_ANALYZER_NONNULL = YES;
				CLANG_ANALYZER_NUMBER_OBJECT_CONVERSION = YES_AGGRESSIVE;
				CLANG_CXX_LANGUAGE_STANDARD = "gnu++14";
				CLANG_CXX_LIBRARY = "libc++";
				CLANG_ENABLE_MODULES = YES;
				CLANG_ENABLE_OBJC_ARC = YES;
				CLANG_ENABLE_OBJC_WEAK = YES;
				CLANG_WARN_BLOCK_CAPTURE_AUTORELEASING = YES;
				CLANG_WARN_BOOL_CONVERSION = YES;
				CLANG_WARN_COMMA = YES;
				CLANG_WARN_CONSTANT_CONVERSION = YES;
				CLANG_WARN_DEPRECATED_OBJC_IMPLEMENTATIONS = YES;
				CLANG_WARN_DIRECT_OBJC_ISA_USAGE = YES_ERROR;
				CLANG_WARN_DOCUMENTATION_COMMENTS = YES;
				CLANG_WARN_EMPTY_BODY = YES;
				CLANG_WARN_ENUM_CONVERSION = YES;
				CLANG_WARN_INFINITE_RECURSION = YES;
				CLANG_WARN_INT_CONVERSION = YES;
				CLANG_WARN_NON_LITERAL_NULL_CONVERSION = YES;
				CLANG_WARN_OBJC_IMPLICIT_RETAIN_SELF = YES;
				CLANG_WARN_OBJC_LITERAL_CONVERSION = YES;
				CLANG_WARN_OBJC_ROOT_CLASS = YES_ERROR;
				CLANG_WARN_QUOTED_INCLUDE_IN_FRAMEWORK_HEADER = YES;
				CLANG_WARN_RANGE_LOOP_ANALYSIS = YES;
				CLANG_WARN_STRICT_PROTOTYPES = YES;
				CLANG_WARN_SUSPICIOUS_MOVE = YES;
				CLANG_WARN_UNGUARDED_AVAILABILITY = YES_AGGRESSIVE;
				CLANG_WARN_UNREACHABLE_CODE = YES;
				CLANG_WARN__DUPLICATE_METHOD_MATCH = YES;
				COPY_PHASE_STRIP = NO;
				DEBUG_INFORMATION_FORMAT = dwarf;
				ENABLE_STRICT_OBJC_MSGSEND = YES;
				ENABLE_TESTABILITY = YES;
				GCC_C_LANGUAGE_STANDARD = gnu11;
				GCC_DYNAMIC_NO_PIC = NO;
				GCC_NO_COMMON_BLOCKS = YES;
				GCC_OPTIMIZATION_LEVEL = 0;
				GCC_PREPROCESSOR_DEFINITIONS = (
					"DEBUG=1",
					"$(inherited)",
				);
				GCC_WARN_64_TO_32_BIT_CONVERSION = YES;
				GCC_WARN_ABOUT_RETURN_TYPE = YES_ERROR;
				GCC_WARN_UNDECLARED_SELECTOR = YES;
				GCC_WARN_UNINITIALIZED_AUTOS = YES_AGGRESSIVE;
				GCC_WARN_UNUSED_FUNCTION = YES;
				GCC_WARN_UNUSED_VARIABLE = YES;
				IPHONEOS_DEPLOYMENT_TARGET = 14.3;
				MTL_ENABLE_DEBUG_INFO = INCLUDE_SOURCE;
				MTL_FAST_MATH = YES;
				ONLY_ACTIVE_ARCH = YES;
				SDKROOT = iphoneos;
				SWIFT_ACTIVE_COMPILATION_CONDITIONS = DEBUG;
				SWIFT_OPTIMIZATION_LEVEL = "-Onone";
			};
			name = Debug;
		};
		A0C7467B25BCDD0C00F16CAB /* Release */ = {
			isa = XCBuildConfiguration;
			buildSettings = {
				ALWAYS_SEARCH_USER_PATHS = NO;
				CLANG_ANALYZER_NONNULL = YES;
				CLANG_ANALYZER_NUMBER_OBJECT_CONVERSION = YES_AGGRESSIVE;
				CLANG_CXX_LANGUAGE_STANDARD = "gnu++14";
				CLANG_CXX_LIBRARY = "libc++";
				CLANG_ENABLE_MODULES = YES;
				CLANG_ENABLE_OBJC_ARC = YES;
				CLANG_ENABLE_OBJC_WEAK = YES;
				CLANG_WARN_BLOCK_CAPTURE_AUTORELEASING = YES;
				CLANG_WARN_BOOL_CONVERSION = YES;
				CLANG_WARN_COMMA = YES;
				CLANG_WARN_CONSTANT_CONVERSION = YES;
				CLANG_WARN_DEPRECATED_OBJC_IMPLEMENTATIONS = YES;
				CLANG_WARN_DIRECT_OBJC_ISA_USAGE = YES_ERROR;
				CLANG_WARN_DOCUMENTATION_COMMENTS = YES;
				CLANG_WARN_EMPTY_BODY = YES;
				CLANG_WARN_ENUM_CONVERSION = YES;
				CLANG_WARN_INFINITE_RECURSION = YES;
				CLANG_WARN_INT_CONVERSION = YES;
				CLANG_WARN_NON_LITERAL_NULL_CONVERSION = YES;
				CLANG_WARN_OBJC_IMPLICIT_RETAIN_SELF = YES;
				CLANG_WARN_OBJC_LITERAL_CONVERSION = YES;
				CLANG_WARN_OBJC_ROOT_CLASS = YES_ERROR;
				CLANG_WARN_QUOTED_INCLUDE_IN_FRAMEWORK_HEADER = YES;
				CLANG_WARN_RANGE_LOOP_ANALYSIS = YES;
				CLANG_WARN_STRICT_PROTOTYPES = YES;
				CLANG_WARN_SUSPICIOUS_MOVE = YES;
				CLANG_WARN_UNGUARDED_AVAILABILITY = YES_AGGRESSIVE;
				CLANG_WARN_UNREACHABLE_CODE = YES;
				CLANG_WARN__DUPLICATE_METHOD_MATCH = YES;
				COPY_PHASE_STRIP = NO;
				DEBUG_INFORMATION_FORMAT = "dwarf-with-dsym";
				ENABLE_NS_ASSERTIONS = NO;
				ENABLE_STRICT_OBJC_MSGSEND = YES;
				GCC_C_LANGUAGE_STANDARD = gnu11;
				GCC_NO_COMMON_BLOCKS = YES;
				GCC_WARN_64_TO_32_BIT_CONVERSION = YES;
				GCC_WARN_ABOUT_RETURN_TYPE = YES_ERROR;
				GCC_WARN_UNDECLARED_SELECTOR = YES;
				GCC_WARN_UNINITIALIZED_AUTOS = YES_AGGRESSIVE;
				GCC_WARN_UNUSED_FUNCTION = YES;
				GCC_WARN_UNUSED_VARIABLE = YES;
				IPHONEOS_DEPLOYMENT_TARGET = 14.3;
				MTL_ENABLE_DEBUG_INFO = NO;
				MTL_FAST_MATH = YES;
				SDKROOT = iphoneos;
				SWIFT_COMPILATION_MODE = wholemodule;
				SWIFT_OPTIMIZATION_LEVEL = "-O";
				VALIDATE_PRODUCT = YES;
			};
			name = Release;
		};
		A0C7467D25BCDD0C00F16CAB /* Debug */ = {
			isa = XCBuildConfiguration;
			buildSettings = {
				ASSETCATALOG_COMPILER_APPICON_NAME = AppIcon;
				ASSETCATALOG_COMPILER_GLOBAL_ACCENT_COLOR_NAME = AccentColor;
				CODE_SIGN_STYLE = Automatic;
				DEVELOPMENT_ASSET_PATHS = "\"Checklist/Preview Content\"";
				ENABLE_PREVIEWS = YES;
				INFOPLIST_FILE = Checklist/Info.plist;
				IPHONEOS_DEPLOYMENT_TARGET = 14.0;
				LD_RUNPATH_SEARCH_PATHS = (
					"$(inherited)",
					"@executable_path/Frameworks",
				);
				PRODUCT_BUNDLE_IDENTIFIER = com.lucashaney.Checklist;
				PRODUCT_NAME = "$(TARGET_NAME)";
				SWIFT_VERSION = 5.0;
				TARGETED_DEVICE_FAMILY = "1,2";
			};
			name = Debug;
		};
		A0C7467E25BCDD0C00F16CAB /* Release */ = {
			isa = XCBuildConfiguration;
			buildSettings = {
				ASSETCATALOG_COMPILER_APPICON_NAME = AppIcon;
				ASSETCATALOG_COMPILER_GLOBAL_ACCENT_COLOR_NAME = AccentColor;
				CODE_SIGN_STYLE = Automatic;
				DEVELOPMENT_ASSET_PATHS = "\"Checklist/Preview Content\"";
				ENABLE_PREVIEWS = YES;
				INFOPLIST_FILE = Checklist/Info.plist;
				IPHONEOS_DEPLOYMENT_TARGET = 14.0;
				LD_RUNPATH_SEARCH_PATHS = (
					"$(inherited)",
					"@executable_path/Frameworks",
				);
				PRODUCT_BUNDLE_IDENTIFIER = com.lucashaney.Checklist;
				PRODUCT_NAME = "$(TARGET_NAME)";
				SWIFT_VERSION = 5.0;
				TARGETED_DEVICE_FAMILY = "1,2";
			};
			name = Release;
		};
/* End XCBuildConfiguration section */

/* Begin XCConfigurationList section */
		A0C7466825BCDD0B00F16CAB /* Build configuration list for PBXProject "Checklist" */ = {
			isa = XCConfigurationList;
			buildConfigurations = (
				A0C7467A25BCDD0C00F16CAB /* Debug */,
				A0C7467B25BCDD0C00F16CAB /* Release */,
			);
			defaultConfigurationIsVisible = 0;
			defaultConfigurationName = Release;
		};
		A0C7467C25BCDD0C00F16CAB /* Build configuration list for PBXNativeTarget "Checklist" */ = {
			isa = XCConfigurationList;
			buildConfigurations = (
				A0C7467D25BCDD0C00F16CAB /* Debug */,
				A0C7467E25BCDD0C00F16CAB /* Release */,
			);
			defaultConfigurationIsVisible = 0;
			defaultConfigurationName = Release;
		};
/* End XCConfigurationList section */
	};
	rootObject = A0C7466525BCDD0B00F16CAB /* Project object */;
}
